// !$*UTF8*$!
{
	archiveVersion = 1;
	classes = {
	};
	objectVersion = 46;
	objects = {

/* Begin PBXBuildFile section */
		D5C53FD81B926BCC00E3783E /* AppDelegate.swift in Sources */ = {isa = PBXBuildFile; fileRef = D5C53FD71B926BCC00E3783E /* AppDelegate.swift */; };
		D5C53FDA1B926BCC00E3783E /* ViewController.swift in Sources */ = {isa = PBXBuildFile; fileRef = D5C53FD91B926BCC00E3783E /* ViewController.swift */; };
		D5C53FDD1B926BCC00E3783E /* Main.storyboard in Resources */ = {isa = PBXBuildFile; fileRef = D5C53FDB1B926BCC00E3783E /* Main.storyboard */; };
		D5C53FDF1B926BCC00E3783E /* Images.xcassets in Resources */ = {isa = PBXBuildFile; fileRef = D5C53FDE1B926BCC00E3783E /* Images.xcassets */; };
		D5C53FE21B926BCC00E3783E /* LaunchScreen.xib in Resources */ = {isa = PBXBuildFile; fileRef = D5C53FE01B926BCC00E3783E /* LaunchScreen.xib */; };
		D5C53FEE1B926BCC00E3783E /* whats_the_weatherTests.swift in Sources */ = {isa = PBXBuildFile; fileRef = D5C53FED1B926BCC00E3783E /* whats_the_weatherTests.swift */; };
		D5C53FF81B926CBD00E3783E /* Kepler_landscape_2.jpg in Resources */ = {isa = PBXBuildFile; fileRef = D5C53FF71B926CBD00E3783E /* Kepler_landscape_2.jpg */; };
/* End PBXBuildFile section */

/* Begin PBXContainerItemProxy section */
		D5C53FE81B926BCC00E3783E /* PBXContainerItemProxy */ = {
			isa = PBXContainerItemProxy;
			containerPortal = D5C53FCA1B926BCC00E3783E /* Project object */;
			proxyType = 1;
			remoteGlobalIDString = D5C53FD11B926BCC00E3783E;
			remoteInfo = "whats the weather";
		};
/* End PBXContainerItemProxy section */

/* Begin PBXFileReference section */
		D5C53FD21B926BCC00E3783E /* whats the weather.app */ = {isa = PBXFileReference; explicitFileType = wrapper.application; includeInIndex = 0; path = "whats the weather.app"; sourceTree = BUILT_PRODUCTS_DIR; };
		D5C53FD61B926BCC00E3783E /* Info.plist */ = {isa = PBXFileReference; lastKnownFileType = text.plist.xml; path = Info.plist; sourceTree = "<group>"; };
		D5C53FD71B926BCC00E3783E /* AppDelegate.swift */ = {isa = PBXFileReference; lastKnownFileType = sourcecode.swift; path = AppDelegate.swift; sourceTree = "<group>"; };
		D5C53FD91B926BCC00E3783E /* ViewController.swift */ = {isa = PBXFileReference; lastKnownFileType = sourcecode.swift; path = ViewController.swift; sourceTree = "<group>"; };
		D5C53FDC1B926BCC00E3783E /* Base */ = {isa = PBXFileReference; lastKnownFileType = file.storyboard; name = Base; path = Base.lproj/Main.storyboard; sourceTree = "<group>"; };
		D5C53FDE1B926BCC00E3783E /* Images.xcassets */ = {isa = PBXFileReference; lastKnownFileType = folder.assetcatalog; path = Images.xcassets; sourceTree = "<group>"; };
		D5C53FE11B926BCC00E3783E /* Base */ = {isa = PBXFileReference; lastKnownFileType = file.xib; name = Base; path = Base.lproj/LaunchScreen.xib; sourceTree = "<group>"; };
		D5C53FE71B926BCC00E3783E /* whats the weatherTests.xctest */ = {isa = PBXFileReference; explicitFileType = wrapper.cfbundle; includeInIndex = 0; path = "whats the weatherTests.xctest"; sourceTree = BUILT_PRODUCTS_DIR; };
		D5C53FEC1B926BCC00E3783E /* Info.plist */ = {isa = PBXFileReference; lastKnownFileType = text.plist.xml; path = Info.plist; sourceTree = "<group>"; };
		D5C53FED1B926BCC00E3783E /* whats_the_weatherTests.swift */ = {isa = PBXFileReference; lastKnownFileType = sourcecode.swift; path = whats_the_weatherTests.swift; sourceTree = "<group>"; };
		D5C53FF71B926CBD00E3783E /* Kepler_landscape_2.jpg */ = {isa = PBXFileReference; lastKnownFileType = image.jpeg; path = Kepler_landscape_2.jpg; sourceTree = "<group>"; };
/* End PBXFileReference section */

/* Begin PBXFrameworksBuildPhase section */
		D5C53FCF1B926BCC00E3783E /* Frameworks */ = {
			isa = PBXFrameworksBuildPhase;
			buildActionMask = 2147483647;
			files = (
			);
			runOnlyForDeploymentPostprocessing = 0;
		};
		D5C53FE41B926BCC00E3783E /* Frameworks */ = {
			isa = PBXFrameworksBuildPhase;
			buildActionMask = 2147483647;
			files = (
			);
			runOnlyForDeploymentPostprocessing = 0;
		};
/* End PBXFrameworksBuildPhase section */

/* Begin PBXGroup section */
		D5C53FC91B926BCB00E3783E = {
			isa = PBXGroup;
			children = (
				D5C53FD41B926BCC00E3783E /* whats the weather */,
				D5C53FEA1B926BCC00E3783E /* whats the weatherTests */,
				D5C53FD31B926BCC00E3783E /* Products */,
			);
			sourceTree = "<group>";
		};
		D5C53FD31B926BCC00E3783E /* Products */ = {
			isa = PBXGroup;
			children = (
				D5C53FD21B926BCC00E3783E /* whats the weather.app */,
				D5C53FE71B926BCC00E3783E /* whats the weatherTests.xctest */,
			);
			name = Products;
			sourceTree = "<group>";
		};
		D5C53FD41B926BCC00E3783E /* whats the weather */ = {
			isa = PBXGroup;
			children = (
				D5C53FD71B926BCC00E3783E /* AppDelegate.swift */,
				D5C53FD91B926BCC00E3783E /* ViewController.swift */,
				D5C53FDB1B926BCC00E3783E /* Main.storyboard */,
				D5C53FF71B926CBD00E3783E /* Kepler_landscape_2.jpg */,
				D5C53FDE1B926BCC00E3783E /* Images.xcassets */,
				D5C53FE01B926BCC00E3783E /* LaunchScreen.xib */,
				D5C53FD51B926BCC00E3783E /* Supporting Files */,
			);
			path = "whats the weather";
			sourceTree = "<group>";
		};
		D5C53FD51B926BCC00E3783E /* Supporting Files */ = {
			isa = PBXGroup;
			children = (
				D5C53FD61B926BCC00E3783E /* Info.plist */,
			);
			name = "Supporting Files";
			sourceTree = "<group>";
		};
		D5C53FEA1B926BCC00E3783E /* whats the weatherTests */ = {
			isa = PBXGroup;
			children = (
				D5C53FED1B926BCC00E3783E /* whats_the_weatherTests.swift */,
				D5C53FEB1B926BCC00E3783E /* Supporting Files */,
			);
			path = "whats the weatherTests";
			sourceTree = "<group>";
		};
		D5C53FEB1B926BCC00E3783E /* Supporting Files */ = {
			isa = PBXGroup;
			children = (
				D5C53FEC1B926BCC00E3783E /* Info.plist */,
			);
			name = "Supporting Files";
			sourceTree = "<group>";
		};
/* End PBXGroup section */

/* Begin PBXNativeTarget section */
		D5C53FD11B926BCC00E3783E /* whats the weather */ = {
			isa = PBXNativeTarget;
			buildConfigurationList = D5C53FF11B926BCC00E3783E /* Build configuration list for PBXNativeTarget "whats the weather" */;
			buildPhases = (
				D5C53FCE1B926BCC00E3783E /* Sources */,
				D5C53FCF1B926BCC00E3783E /* Frameworks */,
				D5C53FD01B926BCC00E3783E /* Resources */,
			);
			buildRules = (
			);
			dependencies = (
			);
			name = "whats the weather";
			productName = "whats the weather";
			productReference = D5C53FD21B926BCC00E3783E /* whats the weather.app */;
			productType = "com.apple.product-type.application";
		};
		D5C53FE61B926BCC00E3783E /* whats the weatherTests */ = {
			isa = PBXNativeTarget;
			buildConfigurationList = D5C53FF41B926BCC00E3783E /* Build configuration list for PBXNativeTarget "whats the weatherTests" */;
			buildPhases = (
				D5C53FE31B926BCC00E3783E /* Sources */,
				D5C53FE41B926BCC00E3783E /* Frameworks */,
				D5C53FE51B926BCC00E3783E /* Resources */,
			);
			buildRules = (
			);
			dependencies = (
				D5C53FE91B926BCC00E3783E /* PBXTargetDependency */,
			);
			name = "whats the weatherTests";
			productName = "whats the weatherTests";
			productReference = D5C53FE71B926BCC00E3783E /* whats the weatherTests.xctest */;
			productType = "com.apple.product-type.bundle.unit-test";
		};
/* End PBXNativeTarget section */

/* Begin PBXProject section */
		D5C53FCA1B926BCC00E3783E /* Project object */ = {
			isa = PBXProject;
			attributes = {
				LastSwiftUpdateCheck = 0720;
				LastUpgradeCheck = 0640;
				ORGANIZATIONNAME = New;
				TargetAttributes = {
					D5C53FD11B926BCC00E3783E = {
						CreatedOnToolsVersion = 6.4;
					};
					D5C53FE61B926BCC00E3783E = {
						CreatedOnToolsVersion = 6.4;
						TestTargetID = D5C53FD11B926BCC00E3783E;
					};
				};
			};
			buildConfigurationList = D5C53FCD1B926BCC00E3783E /* Build configuration list for PBXProject "whats the weather" */;
			compatibilityVersion = "Xcode 3.2";
			developmentRegion = English;
			hasScannedForEncodings = 0;
			knownRegions = (
				en,
				Base,
			);
			mainGroup = D5C53FC91B926BCB00E3783E;
			productRefGroup = D5C53FD31B926BCC00E3783E /* Products */;
			projectDirPath = "";
			projectRoot = "";
			targets = (
				D5C53FD11B926BCC00E3783E /* whats the weather */,
				D5C53FE61B926BCC00E3783E /* whats the weatherTests */,
			);
		};
/* End PBXProject section */

/* Begin PBXResourcesBuildPhase section */
		D5C53FD01B926BCC00E3783E /* Resources */ = {
			isa = PBXResourcesBuildPhase;
			buildActionMask = 2147483647;
			files = (
				D5C53FDD1B926BCC00E3783E /* Main.storyboard in Resources */,
				D5C53FE21B926BCC00E3783E /* LaunchScreen.xib in Resources */,
				D5C53FDF1B926BCC00E3783E /* Images.xcassets in Resources */,
				D5C53FF81B926CBD00E3783E /* Kepler_landscape_2.jpg in Resources */,
			);
			runOnlyForDeploymentPostprocessing = 0;
		};
		D5C53FE51B926BCC00E3783E /* Resources */ = {
			isa = PBXResourcesBuildPhase;
			buildActionMask = 2147483647;
			files = (
			);
			runOnlyForDeploymentPostprocessing = 0;
		};
/* End PBXResourcesBuildPhase section */

/* Begin PBXSourcesBuildPhase section */
		D5C53FCE1B926BCC00E3783E /* Sources */ = {
			isa = PBXSourcesBuildPhase;
			buildActionMask = 2147483647;
			files = (
				D5C53FDA1B926BCC00E3783E /* ViewController.swift in Sources */,
				D5C53FD81B926BCC00E3783E /* AppDelegate.swift in Sources */,
			);
			runOnlyForDeploymentPostprocessing = 0;
		};
		D5C53FE31B926BCC00E3783E /* Sources */ = {
			isa = PBXSourcesBuildPhase;
			buildActionMask = 2147483647;
			files = (
				D5C53FEE1B926BCC00E3783E /* whats_the_weatherTests.swift in Sources */,
			);
			runOnlyForDeploymentPostprocessing = 0;
		};
/* End PBXSourcesBuildPhase section */

/* Begin PBXTargetDependency section */
		D5C53FE91B926BCC00E3783E /* PBXTargetDependency */ = {
			isa = PBXTargetDependency;
			target = D5C53FD11B926BCC00E3783E /* whats the weather */;
			targetProxy = D5C53FE81B926BCC00E3783E /* PBXContainerItemProxy */;
		};
/* End PBXTargetDependency section */

/* Begin PBXVariantGroup section */
		D5C53FDB1B926BCC00E3783E /* Main.storyboard */ = {
			isa = PBXVariantGroup;
			children = (
				D5C53FDC1B926BCC00E3783E /* Base */,
			);
			name = Main.storyboard;
			sourceTree = "<group>";
		};
		D5C53FE01B926BCC00E3783E /* LaunchScreen.xib */ = {
			isa = PBXVariantGroup;
			children = (
				D5C53FE11B926BCC00E3783E /* Base */,
			);
			name = LaunchScreen.xib;
			sourceTree = "<group>";
		};
/* End PBXVariantGroup section */

/* Begin XCBuildConfiguration section */
		D5C53FEF1B926BCC00E3783E /* Debug */ = {
			isa = XCBuildConfiguration;
			buildSettings = {
				ALWAYS_SEARCH_USER_PATHS = NO;
				CLANG_CXX_LANGUAGE_STANDARD = "gnu++0x";
				CLANG_CXX_LIBRARY = "libc++";
				CLANG_ENABLE_MODULES = YES;
				CLANG_ENABLE_OBJC_ARC = YES;
				CLANG_WARN_BOOL_CONVERSION = YES;
				CLANG_WARN_CONSTANT_CONVERSION = YES;
				CLANG_WARN_DIRECT_OBJC_ISA_USAGE = YES_ERROR;
				CLANG_WARN_EMPTY_BODY = YES;
				CLANG_WARN_ENUM_CONVERSION = YES;
				CLANG_WARN_INT_CONVERSION = YES;
				CLANG_WARN_OBJC_ROOT_CLASS = YES_ERROR;
				CLANG_WARN_UNREACHABLE_CODE = YES;
				CLANG_WARN__DUPLICATE_METHOD_MATCH = YES;
				"CODE_SIGN_IDENTITY[sdk=iphoneos*]" = "iPhone Developer";
				COPY_PHASE_STRIP = NO;
				DEBUG_INFORMATION_FORMAT = "dwarf-with-dsym";
				ENABLE_STRICT_OBJC_MSGSEND = YES;
				GCC_C_LANGUAGE_STANDARD = gnu99;
				GCC_DYNAMIC_NO_PIC = NO;
				GCC_NO_COMMON_BLOCKS = YES;
				GCC_OPTIMIZATION_LEVEL = 0;
				GCC_PREPROCESSOR_DEFINITIONS = (
					"DEBUG=1",
					"$(inherited)",
				);
				GCC_SYMBOLS_PRIVATE_EXTERN = NO;
				GCC_WARN_64_TO_32_BIT_CONVERSION = YES;
				GCC_WARN_ABOUT_RETURN_TYPE = YES_ERROR;
				GCC_WARN_UNDECLARED_SELECTOR = YES;
				GCC_WARN_UNINITIALIZED_AUTOS = YES_AGGRESSIVE;
				GCC_WARN_UNUSED_FUNCTION = YES;
				GCC_WARN_UNUSED_VARIABLE = YES;
				IPHONEOS_DEPLOYMENT_TARGET = 8.4;
				MTL_ENABLE_DEBUG_INFO = YES;
				ONLY_ACTIVE_ARCH = YES;
				SDKROOT = iphoneos;
				SWIFT_OPTIMIZATION_LEVEL = "-Onone";
			};
			name = Debug;
		};
		D5C53FF01B926BCC00E3783E /* Release */ = {
			isa = XCBuildConfiguration;
			buildSettings = {
				ALWAYS_SEARCH_USER_PATHS = NO;
				CLANG_CXX_LANGUAGE_STANDARD = "gnu++0x";
				CLANG_CXX_LIBRARY = "libc++";
				CLANG_ENABLE_MODULES = YES;
				CLANG_ENABLE_OBJC_ARC = YES;
				CLANG_WARN_BOOL_CONVERSION = YES;
				CLANG_WARN_CONSTANT_CONVERSION = YES;
				CLANG_WARN_DIRECT_OBJC_ISA_USAGE = YES_ERROR;
				CLANG_WARN_EMPTY_BODY = YES;
				CLANG_WARN_ENUM_CONVERSION = YES;
				CLANG_WARN_INT_CONVERSION = YES;
				CLANG_WARN_OBJC_ROOT_CLASS = YES_ERROR;
				CLANG_WARN_UNREACHABLE_CODE = YES;
				CLANG_WARN__DUPLICATE_METHOD_MATCH = YES;
				"CODE_SIGN_IDENTITY[sdk=iphoneos*]" = "iPhone Developer";
				COPY_PHASE_STRIP = NO;
				DEBUG_INFORMATION_FORMAT = "dwarf-with-dsym";
				ENABLE_NS_ASSERTIONS = NO;
				ENABLE_STRICT_OBJC_MSGSEND = YES;
				GCC_C_LANGUAGE_STANDARD = gnu99;
				GCC_NO_COMMON_BLOCKS = YES;
				GCC_WARN_64_TO_32_BIT_CONVERSION = YES;
				GCC_WARN_ABOUT_RETURN_TYPE = YES_ERROR;
				GCC_WARN_UNDECLARED_SELECTOR = YES;
				GCC_WARN_UNINITIALIZED_AUTOS = YES_AGGRESSIVE;
				GCC_WARN_UNUSED_FUNCTION = YES;
				GCC_WARN_UNUSED_VARIABLE = YES;
				IPHONEOS_DEPLOYMENT_TARGET = 8.4;
				MTL_ENABLE_DEBUG_INFO = NO;
				SDKROOT = iphoneos;
				VALIDATE_PRODUCT = YES;
			};
			name = Release;
		};
		D5C53FF21B926BCC00E3783E /* Debug */ = {
			isa = XCBuildConfiguration;
			buildSettings = {
				ASSETCATALOG_COMPILER_APPICON_NAME = AppIcon;
				INFOPLIST_FILE = "whats the weather/Info.plist";
				LD_RUNPATH_SEARCH_PATHS = "$(inherited) @executable_path/Frameworks";
				PRODUCT_NAME = "$(TARGET_NAME)";
			};
			name = Debug;
		};
		D5C53FF31B926BCC00E3783E /* Release */ = {
			isa = XCBuildConfiguration;
			buildSettings = {
				ASSETCATALOG_COMPILER_APPICON_NAME = AppIcon;
				INFOPLIST_FILE = "whats the weather/Info.plist";
				LD_RUNPATH_SEARCH_PATHS = "$(inherited) @executable_path/Frameworks";
				PRODUCT_NAME = "$(TARGET_NAME)";
			};
			name = Release;
		};
		D5C53FF51B926BCC00E3783E /* Debug */ = {
			isa = XCBuildConfiguration;
			buildSettings = {
				BUNDLE_LOADER = "$(TEST_HOST)";
				FRAMEWORK_SEARCH_PATHS = (
					"$(SDKROOT)/Developer/Library/Frameworks",
					"$(inherited)",
				);
				GCC_PREPROCESSOR_DEFINITIONS = (
					"DEBUG=1",
					"$(inherited)",
				);
				INFOPLIST_FILE = "whats the weatherTests/Info.plist";
				LD_RUNPATH_SEARCH_PATHS = "$(inherited) @executable_path/Frameworks @loader_path/Frameworks";
				PRODUCT_NAME = "$(TARGET_NAME)";
				TEST_HOST = "$(BUILT_PRODUCTS_DIR)/whats the weather.app/whats the weather";
			};
			name = Debug;
		};
		D5C53FF61B926BCC00E3783E /* Release */ = {
			isa = XCBuildConfiguration;
			buildSettings = {
				BUNDLE_LOADER = "$(TEST_HOST)";
				FRAMEWORK_SEARCH_PATHS = (
					"$(SDKROOT)/Developer/Library/Frameworks",
					"$(inherited)",
				);
				INFOPLIST_FILE = "whats the weatherTests/Info.plist";
				LD_RUNPATH_SEARCH_PATHS = "$(inherited) @executable_path/Frameworks @loader_path/Frameworks";
				PRODUCT_NAME = "$(TARGET_NAME)";
				TEST_HOST = "$(BUILT_PRODUCTS_DIR)/whats the weather.app/whats the weather";
			};
			name = Release;
		};
/* End XCBuildConfiguration section */

/* Begin XCConfigurationList section */
		D5C53FCD1B926BCC00E3783E /* Build configuration list for PBXProject "whats the weather" */ = {
			isa = XCConfigurationList;
			buildConfigurations = (
				D5C53FEF1B926BCC00E3783E /* Debug */,
				D5C53FF01B926BCC00E3783E /* Release */,
			);
			defaultConfigurationIsVisible = 0;
			defaultConfigurationName = Release;
		};
		D5C53FF11B926BCC00E3783E /* Build configuration list for PBXNativeTarget "whats the weather" */ = {
			isa = XCConfigurationList;
			buildConfigurations = (
				D5C53FF21B926BCC00E3783E /* Debug */,
				D5C53FF31B926BCC00E3783E /* Release */,
			);
			defaultConfigurationIsVisible = 0;
			defaultConfigurationName = Release;
		};
		D5C53FF41B926BCC00E3783E /* Build configuration list for PBXNativeTarget "whats the weatherTests" */ = {
			isa = XCConfigurationList;
			buildConfigurations = (
				D5C53FF51B926BCC00E3783E /* Debug */,
				D5C53FF61B926BCC00E3783E /* Release */,
			);
			defaultConfigurationIsVisible = 0;
			defaultConfigurationName = Release;
		};
/* End XCConfigurationList section */
	};
	rootObject = D5C53FCA1B926BCC00E3783E /* Project object */;
}
